
Microsoft Visual Studio Solution File, Format Version 12.00
# Visual Studio Version 16
VisualStudioVersion = 16.0.30128.74
MinimumVisualStudioVersion = 10.0.40219.1
Project("{FAE04EC0-301F-11D3-BF4B-00C04F79EFBC}") = "1C.Component", "1C.Component.csproj", "{7D721CF5-802A-427D-A1E1-843BAF8FFCE3}"
EndProject
Global
	GlobalSection(SolutionConfigurationPlatforms) = preSolution
		Debug|Any CPU = Debug|Any CPU
		Release|Any CPU = Release|Any CPU
	EndGlobalSection
	GlobalSection(ProjectConfigurationPlatforms) = postSolution
		{7D721CF5-802A-427D-A1E1-843BAF8FFCE3}.Debug|Any CPU.ActiveCfg = Debug|Any CPU
		{7D721CF5-802A-427D-A1E1-843BAF8FFCE3}.Debug|Any CPU.Build.0 = Debug|Any CPU
		{7D721CF5-802A-427D-A1E1-843BAF8FFCE3}.Release|Any CPU.ActiveCfg = Release|Any CPU
		{7D721CF5-802A-427D-A1E1-843BAF8FFCE3}.Release|Any CPU.Build.0 = Release|Any CPU
	EndGlobalSection
	GlobalSection(SolutionProperties) = preSolution
		HideSolutionNode = FALSE
	EndGlobalSection
	GlobalSection(ExtensibilityGlobals) = postSolution
		SolutionGuid = {DB8C5479-79E4-453A-A205-94CEB9159D8D}
	EndGlobalSection
EndGlobal
